// !$*UTF8*$!
{
	archiveVersion = 1;
	classes = {
	};
	objectVersion = 46;
	objects = {

/* Begin PBXBuildFile section */
		D54C2D9D1E88E5AF002D46A9 /* main.m in Sources */ = {isa = PBXBuildFile; fileRef = D54C2D9C1E88E5AF002D46A9 /* main.m */; };
		D54C2DA01E88E5AF002D46A9 /* AppDelegate.m in Sources */ = {isa = PBXBuildFile; fileRef = D54C2D9F1E88E5AF002D46A9 /* AppDelegate.m */; };
		D54C2DA31E88E5AF002D46A9 /* ViewController.m in Sources */ = {isa = PBXBuildFile; fileRef = D54C2DA21E88E5AF002D46A9 /* ViewController.m */; };
		D54C2DA61E88E5AF002D46A9 /* Main.storyboard in Resources */ = {isa = PBXBuildFile; fileRef = D54C2DA41E88E5AF002D46A9 /* Main.storyboard */; };
		D54C2DA81E88E5AF002D46A9 /* Assets.xcassets in Resources */ = {isa = PBXBuildFile; fileRef = D54C2DA71E88E5AF002D46A9 /* Assets.xcassets */; };
		D54C2DAB1E88E5AF002D46A9 /* LaunchScreen.storyboard in Resources */ = {isa = PBXBuildFile; fileRef = D54C2DA91E88E5AF002D46A9 /* LaunchScreen.storyboard */; };
		D54C2DB61E88E5AF002D46A9 /* RefreshDemoTests.m in Sources */ = {isa = PBXBuildFile; fileRef = D54C2DB51E88E5AF002D46A9 /* RefreshDemoTests.m */; };
		D54C2DC11E88E5AF002D46A9 /* RefreshDemoUITests.m in Sources */ = {isa = PBXBuildFile; fileRef = D54C2DC01E88E5AF002D46A9 /* RefreshDemoUITests.m */; };
		D54C2DD41E88E5FA002D46A9 /* CZRefreshHeader.m in Sources */ = {isa = PBXBuildFile; fileRef = D54C2DD21E88E5FA002D46A9 /* CZRefreshHeader.m */; };
		D54C2DD51E88E5FA002D46A9 /* CZRefreshHeader.xib in Resources */ = {isa = PBXBuildFile; fileRef = D54C2DD31E88E5FA002D46A9 /* CZRefreshHeader.xib */; };
		D54C2DD81E88E622002D46A9 /* CZCircleView.m in Sources */ = {isa = PBXBuildFile; fileRef = D54C2DD71E88E622002D46A9 /* CZCircleView.m */; };
		D54C2DDB1E88E7D8002D46A9 /* Colours.m in Sources */ = {isa = PBXBuildFile; fileRef = D54C2DDA1E88E7D8002D46A9 /* Colours.m */; };
/* End PBXBuildFile section */

/* Begin PBXContainerItemProxy section */
		D54C2DB21E88E5AF002D46A9 /* PBXContainerItemProxy */ = {
			isa = PBXContainerItemProxy;
			containerPortal = D54C2D901E88E5AF002D46A9 /* Project object */;
			proxyType = 1;
			remoteGlobalIDString = D54C2D971E88E5AF002D46A9;
			remoteInfo = RefreshDemo;
		};
		D54C2DBD1E88E5AF002D46A9 /* PBXContainerItemProxy */ = {
			isa = PBXContainerItemProxy;
			containerPortal = D54C2D901E88E5AF002D46A9 /* Project object */;
			proxyType = 1;
			remoteGlobalIDString = D54C2D971E88E5AF002D46A9;
			remoteInfo = RefreshDemo;
		};
/* End PBXContainerItemProxy section */

/* Begin PBXFileReference section */
		D54C2D981E88E5AF002D46A9 /* RefreshDemo.app */ = {isa = PBXFileReference; explicitFileType = wrapper.application; includeInIndex = 0; path = RefreshDemo.app; sourceTree = BUILT_PRODUCTS_DIR; };
		D54C2D9C1E88E5AF002D46A9 /* main.m */ = {isa = PBXFileReference; lastKnownFileType = sourcecode.c.objc; path = main.m; sourceTree = "<group>"; };
		D54C2D9E1E88E5AF002D46A9 /* AppDelegate.h */ = {isa = PBXFileReference; lastKnownFileType = sourcecode.c.h; path = AppDelegate.h; sourceTree = "<group>"; };
		D54C2D9F1E88E5AF002D46A9 /* AppDelegate.m */ = {isa = PBXFileReference; lastKnownFileType = sourcecode.c.objc; path = AppDelegate.m; sourceTree = "<group>"; };
		D54C2DA11E88E5AF002D46A9 /* ViewController.h */ = {isa = PBXFileReference; lastKnownFileType = sourcecode.c.h; path = ViewController.h; sourceTree = "<group>"; };
		D54C2DA21E88E5AF002D46A9 /* ViewController.m */ = {isa = PBXFileReference; lastKnownFileType = sourcecode.c.objc; path = ViewController.m; sourceTree = "<group>"; };
		D54C2DA51E88E5AF002D46A9 /* Base */ = {isa = PBXFileReference; lastKnownFileType = file.storyboard; name = Base; path = Base.lproj/Main.storyboard; sourceTree = "<group>"; };
		D54C2DA71E88E5AF002D46A9 /* Assets.xcassets */ = {isa = PBXFileReference; lastKnownFileType = folder.assetcatalog; path = Assets.xcassets; sourceTree = "<group>"; };
		D54C2DAA1E88E5AF002D46A9 /* Base */ = {isa = PBXFileReference; lastKnownFileType = file.storyboard; name = Base; path = Base.lproj/LaunchScreen.storyboard; sourceTree = "<group>"; };
		D54C2DAC1E88E5AF002D46A9 /* Info.plist */ = {isa = PBXFileReference; lastKnownFileType = text.plist.xml; path = Info.plist; sourceTree = "<group>"; };
		D54C2DB11E88E5AF002D46A9 /* RefreshDemoTests.xctest */ = {isa = PBXFileReference; explicitFileType = wrapper.cfbundle; includeInIndex = 0; path = RefreshDemoTests.xctest; sourceTree = BUILT_PRODUCTS_DIR; };
		D54C2DB51E88E5AF002D46A9 /* RefreshDemoTests.m */ = {isa = PBXFileReference; lastKnownFileType = sourcecode.c.objc; path = RefreshDemoTests.m; sourceTree = "<group>"; };
		D54C2DB71E88E5AF002D46A9 /* Info.plist */ = {isa = PBXFileReference; lastKnownFileType = text.plist.xml; path = Info.plist; sourceTree = "<group>"; };
		D54C2DBC1E88E5AF002D46A9 /* RefreshDemoUITests.xctest */ = {isa = PBXFileReference; explicitFileType = wrapper.cfbundle; includeInIndex = 0; path = RefreshDemoUITests.xctest; sourceTree = BUILT_PRODUCTS_DIR; };
		D54C2DC01E88E5AF002D46A9 /* RefreshDemoUITests.m */ = {isa = PBXFileReference; lastKnownFileType = sourcecode.c.objc; path = RefreshDemoUITests.m; sourceTree = "<group>"; };
		D54C2DC21E88E5AF002D46A9 /* Info.plist */ = {isa = PBXFileReference; lastKnownFileType = text.plist.xml; path = Info.plist; sourceTree = "<group>"; };
		D54C2DD11E88E5FA002D46A9 /* CZRefreshHeader.h */ = {isa = PBXFileReference; fileEncoding = 4; lastKnownFileType = sourcecode.c.h; path = CZRefreshHeader.h; sourceTree = "<group>"; };
		D54C2DD21E88E5FA002D46A9 /* CZRefreshHeader.m */ = {isa = PBXFileReference; fileEncoding = 4; lastKnownFileType = sourcecode.c.objc; path = CZRefreshHeader.m; sourceTree = "<group>"; };
		D54C2DD31E88E5FA002D46A9 /* CZRefreshHeader.xib */ = {isa = PBXFileReference; fileEncoding = 4; lastKnownFileType = file.xib; path = CZRefreshHeader.xib; sourceTree = "<group>"; };
		D54C2DD61E88E622002D46A9 /* CZCircleView.h */ = {isa = PBXFileReference; fileEncoding = 4; lastKnownFileType = sourcecode.c.h; path = CZCircleView.h; sourceTree = "<group>"; };
		D54C2DD71E88E622002D46A9 /* CZCircleView.m */ = {isa = PBXFileReference; fileEncoding = 4; lastKnownFileType = sourcecode.c.objc; path = CZCircleView.m; sourceTree = "<group>"; };
		D54C2DD91E88E7D8002D46A9 /* Colours.h */ = {isa = PBXFileReference; fileEncoding = 4; lastKnownFileType = sourcecode.c.h; path = Colours.h; sourceTree = "<group>"; };
		D54C2DDA1E88E7D8002D46A9 /* Colours.m */ = {isa = PBXFileReference; fileEncoding = 4; lastKnownFileType = sourcecode.c.objc; path = Colours.m; sourceTree = "<group>"; };
/* End PBXFileReference section */

/* Begin PBXFrameworksBuildPhase section */
		D54C2D951E88E5AF002D46A9 /* Frameworks */ = {
			isa = PBXFrameworksBuildPhase;
			buildActionMask = 2147483647;
			files = (
			);
			runOnlyForDeploymentPostprocessing = 0;
		};
		D54C2DAE1E88E5AF002D46A9 /* Frameworks */ = {
			isa = PBXFrameworksBuildPhase;
			buildActionMask = 2147483647;
			files = (
			);
			runOnlyForDeploymentPostprocessing = 0;
		};
		D54C2DB91E88E5AF002D46A9 /* Frameworks */ = {
			isa = PBXFrameworksBuildPhase;
			buildActionMask = 2147483647;
			files = (
			);
			runOnlyForDeploymentPostprocessing = 0;
		};
/* End PBXFrameworksBuildPhase section */

/* Begin PBXGroup section */
		D54C2D8F1E88E5AF002D46A9 = {
			isa = PBXGroup;
			children = (
				D54C2D9A1E88E5AF002D46A9 /* RefreshDemo */,
				D54C2DB41E88E5AF002D46A9 /* RefreshDemoTests */,
				D54C2DBF1E88E5AF002D46A9 /* RefreshDemoUITests */,
				D54C2D991E88E5AF002D46A9 /* Products */,
			);
			sourceTree = "<group>";
		};
		D54C2D991E88E5AF002D46A9 /* Products */ = {
			isa = PBXGroup;
			children = (
				D54C2D981E88E5AF002D46A9 /* RefreshDemo.app */,
				D54C2DB11E88E5AF002D46A9 /* RefreshDemoTests.xctest */,
				D54C2DBC1E88E5AF002D46A9 /* RefreshDemoUITests.xctest */,
			);
			name = Products;
			sourceTree = "<group>";
		};
		D54C2D9A1E88E5AF002D46A9 /* RefreshDemo */ = {
			isa = PBXGroup;
			children = (
				D54C2DD91E88E7D8002D46A9 /* Colours.h */,
				D54C2DDA1E88E7D8002D46A9 /* Colours.m */,
				D54C2DD61E88E622002D46A9 /* CZCircleView.h */,
				D54C2DD71E88E622002D46A9 /* CZCircleView.m */,
				D54C2DD11E88E5FA002D46A9 /* CZRefreshHeader.h */,
				D54C2DD21E88E5FA002D46A9 /* CZRefreshHeader.m */,
				D54C2DD31E88E5FA002D46A9 /* CZRefreshHeader.xib */,
				D54C2D9E1E88E5AF002D46A9 /* AppDelegate.h */,
				D54C2D9F1E88E5AF002D46A9 /* AppDelegate.m */,
				D54C2DA11E88E5AF002D46A9 /* ViewController.h */,
				D54C2DA21E88E5AF002D46A9 /* ViewController.m */,
				D54C2DA41E88E5AF002D46A9 /* Main.storyboard */,
				D54C2DA71E88E5AF002D46A9 /* Assets.xcassets */,
				D54C2DA91E88E5AF002D46A9 /* LaunchScreen.storyboard */,
				D54C2DAC1E88E5AF002D46A9 /* Info.plist */,
				D54C2D9B1E88E5AF002D46A9 /* Supporting Files */,
			);
			path = RefreshDemo;
			sourceTree = "<group>";
		};
		D54C2D9B1E88E5AF002D46A9 /* Supporting Files */ = {
			isa = PBXGroup;
			children = (
				D54C2D9C1E88E5AF002D46A9 /* main.m */,
			);
			name = "Supporting Files";
			sourceTree = "<group>";
		};
		D54C2DB41E88E5AF002D46A9 /* RefreshDemoTests */ = {
			isa = PBXGroup;
			children = (
				D54C2DB51E88E5AF002D46A9 /* RefreshDemoTests.m */,
				D54C2DB71E88E5AF002D46A9 /* Info.plist */,
			);
			path = RefreshDemoTests;
			sourceTree = "<group>";
		};
		D54C2DBF1E88E5AF002D46A9 /* RefreshDemoUITests */ = {
			isa = PBXGroup;
			children = (
				D54C2DC01E88E5AF002D46A9 /* RefreshDemoUITests.m */,
				D54C2DC21E88E5AF002D46A9 /* Info.plist */,
			);
			path = RefreshDemoUITests;
			sourceTree = "<group>";
		};
/* End PBXGroup section */

/* Begin PBXNativeTarget section */
		D54C2D971E88E5AF002D46A9 /* RefreshDemo */ = {
			isa = PBXNativeTarget;
			buildConfigurationList = D54C2DC51E88E5AF002D46A9 /* Build configuration list for PBXNativeTarget "RefreshDemo" */;
			buildPhases = (
				D54C2D941E88E5AF002D46A9 /* Sources */,
				D54C2D951E88E5AF002D46A9 /* Frameworks */,
				D54C2D961E88E5AF002D46A9 /* Resources */,
			);
			buildRules = (
			);
			dependencies = (
			);
			name = RefreshDemo;
			productName = RefreshDemo;
			productReference = D54C2D981E88E5AF002D46A9 /* RefreshDemo.app */;
			productType = "com.apple.product-type.application";
		};
		D54C2DB01E88E5AF002D46A9 /* RefreshDemoTests */ = {
			isa = PBXNativeTarget;
			buildConfigurationList = D54C2DC81E88E5AF002D46A9 /* Build configuration list for PBXNativeTarget "RefreshDemoTests" */;
			buildPhases = (
				D54C2DAD1E88E5AF002D46A9 /* Sources */,
				D54C2DAE1E88E5AF002D46A9 /* Frameworks */,
				D54C2DAF1E88E5AF002D46A9 /* Resources */,
			);
			buildRules = (
			);
			dependencies = (
				D54C2DB31E88E5AF002D46A9 /* PBXTargetDependency */,
			);
			name = RefreshDemoTests;
			productName = RefreshDemoTests;
			productReference = D54C2DB11E88E5AF002D46A9 /* RefreshDemoTests.xctest */;
			productType = "com.apple.product-type.bundle.unit-test";
		};
		D54C2DBB1E88E5AF002D46A9 /* RefreshDemoUITests */ = {
			isa = PBXNativeTarget;
			buildConfigurationList = D54C2DCB1E88E5AF002D46A9 /* Build configuration list for PBXNativeTarget "RefreshDemoUITests" */;
			buildPhases = (
				D54C2DB81E88E5AF002D46A9 /* Sources */,
				D54C2DB91E88E5AF002D46A9 /* Frameworks */,
				D54C2DBA1E88E5AF002D46A9 /* Resources */,
			);
			buildRules = (
			);
			dependencies = (
				D54C2DBE1E88E5AF002D46A9 /* PBXTargetDependency */,
			);
			name = RefreshDemoUITests;
			productName = RefreshDemoUITests;
			productReference = D54C2DBC1E88E5AF002D46A9 /* RefreshDemoUITests.xctest */;
			productType = "com.apple.product-type.bundle.ui-testing";
		};
/* End PBXNativeTarget section */

/* Begin PBXProject section */
		D54C2D901E88E5AF002D46A9 /* Project object */ = {
			isa = PBXProject;
			attributes = {
				LastUpgradeCheck = 0810;
				ORGANIZATIONNAME = it.sozi;
				TargetAttributes = {
					D54C2D971E88E5AF002D46A9 = {
						CreatedOnToolsVersion = 8.1;
						ProvisioningStyle = Automatic;
					};
					D54C2DB01E88E5AF002D46A9 = {
						CreatedOnToolsVersion = 8.1;
						ProvisioningStyle = Automatic;
						TestTargetID = D54C2D971E88E5AF002D46A9;
					};
					D54C2DBB1E88E5AF002D46A9 = {
						CreatedOnToolsVersion = 8.1;
						ProvisioningStyle = Automatic;
						TestTargetID = D54C2D971E88E5AF002D46A9;
					};
				};
			};
			buildConfigurationList = D54C2D931E88E5AF002D46A9 /* Build configuration list for PBXProject "RefreshDemo" */;
			compatibilityVersion = "Xcode 3.2";
			developmentRegion = English;
			hasScannedForEncodings = 0;
			knownRegions = (
				en,
				Base,
			);
			mainGroup = D54C2D8F1E88E5AF002D46A9;
			productRefGroup = D54C2D991E88E5AF002D46A9 /* Products */;
			projectDirPath = "";
			projectRoot = "";
			targets = (
				D54C2D971E88E5AF002D46A9 /* RefreshDemo */,
				D54C2DB01E88E5AF002D46A9 /* RefreshDemoTests */,
				D54C2DBB1E88E5AF002D46A9 /* RefreshDemoUITests */,
			);
		};
/* End PBXProject section */

/* Begin PBXResourcesBuildPhase section */
		D54C2D961E88E5AF002D46A9 /* Resources */ = {
			isa = PBXResourcesBuildPhase;
			buildActionMask = 2147483647;
			files = (
				D54C2DAB1E88E5AF002D46A9 /* LaunchScreen.storyboard in Resources */,
				D54C2DD51E88E5FA002D46A9 /* CZRefreshHeader.xib in Resources */,
				D54C2DA81E88E5AF002D46A9 /* Assets.xcassets in Resources */,
				D54C2DA61E88E5AF002D46A9 /* Main.storyboard in Resources */,
			);
			runOnlyForDeploymentPostprocessing = 0;
		};
		D54C2DAF1E88E5AF002D46A9 /* Resources */ = {
			isa = PBXResourcesBuildPhase;
			buildActionMask = 2147483647;
			files = (
			);
			runOnlyForDeploymentPostprocessing = 0;
		};
		D54C2DBA1E88E5AF002D46A9 /* Resources */ = {
			isa = PBXResourcesBuildPhase;
			buildActionMask = 2147483647;
			files = (
			);
			runOnlyForDeploymentPostprocessing = 0;
		};
/* End PBXResourcesBuildPhase section */

/* Begin PBXSourcesBuildPhase section */
		D54C2D941E88E5AF002D46A9 /* Sources */ = {
			isa = PBXSourcesBuildPhase;
			buildActionMask = 2147483647;
			files = (
				D54C2DA31E88E5AF002D46A9 /* ViewController.m in Sources */,
				D54C2DD81E88E622002D46A9 /* CZCircleView.m in Sources */,
				D54C2DD41E88E5FA002D46A9 /* CZRefreshHeader.m in Sources */,
				D54C2DDB1E88E7D8002D46A9 /* Colours.m in Sources */,
				D54C2DA01E88E5AF002D46A9 /* AppDelegate.m in Sources */,
				D54C2D9D1E88E5AF002D46A9 /* main.m in Sources */,
			);
			runOnlyForDeploymentPostprocessing = 0;
		};
		D54C2DAD1E88E5AF002D46A9 /* Sources */ = {
			isa = PBXSourcesBuildPhase;
			buildActionMask = 2147483647;
			files = (
				D54C2DB61E88E5AF002D46A9 /* RefreshDemoTests.m in Sources */,
			);
			runOnlyForDeploymentPostprocessing = 0;
		};
		D54C2DB81E88E5AF002D46A9 /* Sources */ = {
			isa = PBXSourcesBuildPhase;
			buildActionMask = 2147483647;
			files = (
				D54C2DC11E88E5AF002D46A9 /* RefreshDemoUITests.m in Sources */,
			);
			runOnlyForDeploymentPostprocessing = 0;
		};
/* End PBXSourcesBuildPhase section */

/* Begin PBXTargetDependency section */
		D54C2DB31E88E5AF002D46A9 /* PBXTargetDependency */ = {
			isa = PBXTargetDependency;
			target = D54C2D971E88E5AF002D46A9 /* RefreshDemo */;
			targetProxy = D54C2DB21E88E5AF002D46A9 /* PBXContainerItemProxy */;
		};
		D54C2DBE1E88E5AF002D46A9 /* PBXTargetDependency */ = {
			isa = PBXTargetDependency;
			target = D54C2D971E88E5AF002D46A9 /* RefreshDemo */;
			targetProxy = D54C2DBD1E88E5AF002D46A9 /* PBXContainerItemProxy */;
		};
/* End PBXTargetDependency section */

/* Begin PBXVariantGroup section */
		D54C2DA41E88E5AF002D46A9 /* Main.storyboard */ = {
			isa = PBXVariantGroup;
			children = (
				D54C2DA51E88E5AF002D46A9 /* Base */,
			);
			name = Main.storyboard;
			sourceTree = "<group>";
		};
		D54C2DA91E88E5AF002D46A9 /* LaunchScreen.storyboard */ = {
			isa = PBXVariantGroup;
			children = (
				D54C2DAA1E88E5AF002D46A9 /* Base */,
			);
			name = LaunchScreen.storyboard;
			sourceTree = "<group>";
		};
/* End PBXVariantGroup section */

/* Begin XCBuildConfiguration section */
		D54C2DC31E88E5AF002D46A9 /* Debug */ = {
			isa = XCBuildConfiguration;
			buildSettings = {
				ALWAYS_SEARCH_USER_PATHS = NO;
				CLANG_ANALYZER_NONNULL = YES;
				CLANG_CXX_LANGUAGE_STANDARD = "gnu++0x";
				CLANG_CXX_LIBRARY = "libc++";
				CLANG_ENABLE_MODULES = YES;
				CLANG_ENABLE_OBJC_ARC = YES;
				CLANG_WARN_BOOL_CONVERSION = YES;
				CLANG_WARN_CONSTANT_CONVERSION = YES;
				CLANG_WARN_DIRECT_OBJC_ISA_USAGE = YES_ERROR;
				CLANG_WARN_DOCUMENTATION_COMMENTS = YES;
				CLANG_WARN_EMPTY_BODY = YES;
				CLANG_WARN_ENUM_CONVERSION = YES;
				CLANG_WARN_INFINITE_RECURSION = YES;
				CLANG_WARN_INT_CONVERSION = YES;
				CLANG_WARN_OBJC_ROOT_CLASS = YES_ERROR;
				CLANG_WARN_SUSPICIOUS_MOVES = YES;
				CLANG_WARN_UNREACHABLE_CODE = YES;
				CLANG_WARN__DUPLICATE_METHOD_MATCH = YES;
				"CODE_SIGN_IDENTITY[sdk=iphoneos*]" = "iPhone Developer";
				COPY_PHASE_STRIP = NO;
				DEBUG_INFORMATION_FORMAT = dwarf;
				ENABLE_STRICT_OBJC_MSGSEND = YES;
				ENABLE_TESTABILITY = YES;
				GCC_C_LANGUAGE_STANDARD = gnu99;
				GCC_DYNAMIC_NO_PIC = NO;
				GCC_NO_COMMON_BLOCKS = YES;
				GCC_OPTIMIZATION_LEVEL = 0;
				GCC_PREPROCESSOR_DEFINITIONS = (
					"DEBUG=1",
					"$(inherited)",
				);
				GCC_WARN_64_TO_32_BIT_CONVERSION = YES;
				GCC_WARN_ABOUT_RETURN_TYPE = YES_ERROR;
				GCC_WARN_UNDECLARED_SELECTOR = YES;
				GCC_WARN_UNINITIALIZED_AUTOS = YES_AGGRESSIVE;
				GCC_WARN_UNUSED_FUNCTION = YES;
				GCC_WARN_UNUSED_VARIABLE = YES;
				IPHONEOS_DEPLOYMENT_TARGET = 10.1;
				MTL_ENABLE_DEBUG_INFO = YES;
				ONLY_ACTIVE_ARCH = YES;
				SDKROOT = iphoneos;
				TARGETED_DEVICE_FAMILY = "1,2";
			};
			name = Debug;
		};
		D54C2DC41E88E5AF002D46A9 /* Release */ = {
			isa = XCBuildConfiguration;
			buildSettings = {
				ALWAYS_SEARCH_USER_PATHS = NO;
				CLANG_ANALYZER_NONNULL = YES;
				CLANG_CXX_LANGUAGE_STANDARD = "gnu++0x";
				CLANG_CXX_LIBRARY = "libc++";
				CLANG_ENABLE_MODULES = YES;
				CLANG_ENABLE_OBJC_ARC = YES;
				CLANG_WARN_BOOL_CONVERSION = YES;
				CLANG_WARN_CONSTANT_CONVERSION = YES;
				CLANG_WARN_DIRECT_OBJC_ISA_USAGE = YES_ERROR;
				CLANG_WARN_DOCUMENTATION_COMMENTS = YES;
				CLANG_WARN_EMPTY_BODY = YES;
				CLANG_WARN_ENUM_CONVERSION = YES;
				CLANG_WARN_INFINITE_RECURSION = YES;
				CLANG_WARN_INT_CONVERSION = YES;
				CLANG_WARN_OBJC_ROOT_CLASS = YES_ERROR;
				CLANG_WARN_SUSPICIOUS_MOVES = YES;
				CLANG_WARN_UNREACHABLE_CODE = YES;
				CLANG_WARN__DUPLICATE_METHOD_MATCH = YES;
				"CODE_SIGN_IDENTITY[sdk=iphoneos*]" = "iPhone Developer";
				COPY_PHASE_STRIP = NO;
				DEBUG_INFORMATION_FORMAT = "dwarf-with-dsym";
				ENABLE_NS_ASSERTIONS = NO;
				ENABLE_STRICT_OBJC_MSGSEND = YES;
				GCC_C_LANGUAGE_STANDARD = gnu99;
				GCC_NO_COMMON_BLOCKS = YES;
				GCC_WARN_64_TO_32_BIT_CONVERSION = YES;
				GCC_WARN_ABOUT_RETURN_TYPE = YES_ERROR;
				GCC_WARN_UNDECLARED_SELECTOR = YES;
				GCC_WARN_UNINITIALIZED_AUTOS = YES_AGGRESSIVE;
				GCC_WARN_UNUSED_FUNCTION = YES;
				GCC_WARN_UNUSED_VARIABLE = YES;
				IPHONEOS_DEPLOYMENT_TARGET = 10.1;
				MTL_ENABLE_DEBUG_INFO = NO;
				SDKROOT = iphoneos;
				TARGETED_DEVICE_FAMILY = "1,2";
				VALIDATE_PRODUCT = YES;
			};
			name = Release;
		};
		D54C2DC61E88E5AF002D46A9 /* Debug */ = {
			isa = XCBuildConfiguration;
			buildSettings = {
				ASSETCATALOG_COMPILER_APPICON_NAME = AppIcon;
				INFOPLIST_FILE = RefreshDemo/Info.plist;
				LD_RUNPATH_SEARCH_PATHS = "$(inherited) @executable_path/Frameworks";
				PRODUCT_BUNDLE_IDENTIFIER = CZ.RefreshDemo;
				PRODUCT_NAME = "$(TARGET_NAME)";
			};
			name = Debug;
		};
		D54C2DC71E88E5AF002D46A9 /* Release */ = {
			isa = XCBuildConfiguration;
			buildSettings = {
				ASSETCATALOG_COMPILER_APPICON_NAME = AppIcon;
				INFOPLIST_FILE = RefreshDemo/Info.plist;
				LD_RUNPATH_SEARCH_PATHS = "$(inherited) @executable_path/Frameworks";
				PRODUCT_BUNDLE_IDENTIFIER = CZ.RefreshDemo;
				PRODUCT_NAME = "$(TARGET_NAME)";
			};
			name = Release;
		};
		D54C2DC91E88E5AF002D46A9 /* Debug */ = {
			isa = XCBuildConfiguration;
			buildSettings = {
				BUNDLE_LOADER = "$(TEST_HOST)";
				INFOPLIST_FILE = RefreshDemoTests/Info.plist;
				LD_RUNPATH_SEARCH_PATHS = "$(inherited) @executable_path/Frameworks @loader_path/Frameworks";
				PRODUCT_BUNDLE_IDENTIFIER = CZ.RefreshDemoTests;
				PRODUCT_NAME = "$(TARGET_NAME)";
				TEST_HOST = "$(BUILT_PRODUCTS_DIR)/RefreshDemo.app/RefreshDemo";
			};
			name = Debug;
		};
		D54C2DCA1E88E5AF002D46A9 /* Release */ = {
			isa = XCBuildConfiguration;
			buildSettings = {
				BUNDLE_LOADER = "$(TEST_HOST)";
				INFOPLIST_FILE = RefreshDemoTests/Info.plist;
				LD_RUNPATH_SEARCH_PATHS = "$(inherited) @executable_path/Frameworks @loader_path/Frameworks";
				PRODUCT_BUNDLE_IDENTIFIER = CZ.RefreshDemoTests;
				PRODUCT_NAME = "$(TARGET_NAME)";
				TEST_HOST = "$(BUILT_PRODUCTS_DIR)/RefreshDemo.app/RefreshDemo";
			};
			name = Release;
		};
		D54C2DCC1E88E5AF002D46A9 /* Debug */ = {
			isa = XCBuildConfiguration;
			buildSettings = {
				INFOPLIST_FILE = RefreshDemoUITests/Info.plist;
				LD_RUNPATH_SEARCH_PATHS = "$(inherited) @executable_path/Frameworks @loader_path/Frameworks";
				PRODUCT_BUNDLE_IDENTIFIER = CZ.RefreshDemoUITests;
				PRODUCT_NAME = "$(TARGET_NAME)";
				TEST_TARGET_NAME = RefreshDemo;
			};
			name = Debug;
		};
		D54C2DCD1E88E5AF002D46A9 /* Release */ = {
			isa = XCBuildConfiguration;
			buildSettings = {
				INFOPLIST_FILE = RefreshDemoUITests/Info.plist;
				LD_RUNPATH_SEARCH_PATHS = "$(inherited) @executable_path/Frameworks @loader_path/Frameworks";
				PRODUCT_BUNDLE_IDENTIFIER = CZ.RefreshDemoUITests;
				PRODUCT_NAME = "$(TARGET_NAME)";
				TEST_TARGET_NAME = RefreshDemo;
			};
			name = Release;
		};
/* End XCBuildConfiguration section */

/* Begin XCConfigurationList section */
		D54C2D931E88E5AF002D46A9 /* Build configuration list for PBXProject "RefreshDemo" */ = {
			isa = XCConfigurationList;
			buildConfigurations = (
				D54C2DC31E88E5AF002D46A9 /* Debug */,
				D54C2DC41E88E5AF002D46A9 /* Release */,
			);
			defaultConfigurationIsVisible = 0;
			defaultConfigurationName = Release;
		};
		D54C2DC51E88E5AF002D46A9 /* Build configuration list for PBXNativeTarget "RefreshDemo" */ = {
			isa = XCConfigurationList;
			buildConfigurations = (
				D54C2DC61E88E5AF002D46A9 /* Debug */,
				D54C2DC71E88E5AF002D46A9 /* Release */,
			);
			defaultConfigurationIsVisible = 0;
		};
		D54C2DC81E88E5AF002D46A9 /* Build configuration list for PBXNativeTarget "RefreshDemoTests" */ = {
			isa = XCConfigurationList;
			buildConfigurations = (
				D54C2DC91E88E5AF002D46A9 /* Debug */,
				D54C2DCA1E88E5AF002D46A9 /* Release */,
			);
			defaultConfigurationIsVisible = 0;
		};
		D54C2DCB1E88E5AF002D46A9 /* Build configuration list for PBXNativeTarget "RefreshDemoUITests" */ = {
			isa = XCConfigurationList;
			buildConfigurations = (
				D54C2DCC1E88E5AF002D46A9 /* Debug */,
				D54C2DCD1E88E5AF002D46A9 /* Release */,
			);
			defaultConfigurationIsVisible = 0;
		};
/* End XCConfigurationList section */
	};
	rootObject = D54C2D901E88E5AF002D46A9 /* Project object */;
}
